{
  "nodes": {
    "crane": {
      "locked": {
        "lastModified": 1725125250,
        "narHash": "sha256-CB20rDD5eHikF6mMTTJdwPP1qvyoiyyw1RDUzwIaIF8=",
        "owner": "ipetkov",
        "repo": "crane",
        "rev": "96fd12c7100e9e05fa1a0a5bd108525600ce282f",
        "type": "github"
      },
      "original": {
        "owner": "ipetkov",
        "ref": "master",
        "repo": "crane",
        "type": "github"
      }
    },
    "flake-parts": {
      "inputs": {
        "nixpkgs-lib": [
          "nixpkgs"
        ]
      },
      "locked": {
        "lastModified": 1725234343,
        "narHash": "sha256-+ebgonl3NbiKD2UD0x4BszCZQ6sTfL4xioaM49o5B3Y=",
        "owner": "hercules-ci",
        "repo": "flake-parts",
        "rev": "567b938d64d4b4112ee253b9274472dc3a346eb6",
        "type": "github"
      },
      "original": {
        "owner": "hercules-ci",
        "repo": "flake-parts",
        "type": "github"
      }
    },
    "nixpkgs": {
      "locked": {
        "lastModified": 1725001927,
        "narHash": "sha256-eV+63gK0Mp7ygCR0Oy4yIYSNcum2VQwnZamHxYTNi+M=",
        "owner": "NixOS",
        "repo": "nixpkgs",
        "rev": "6e99f2a27d600612004fbd2c3282d614bfee6421",
        "type": "github"
      },
      "original": {
        "owner": "NixOS",
        "ref": "nixos-24.05",
        "repo": "nixpkgs",
        "type": "github"
      }
    },
    "root": {
      "inputs": {
        "crane": "crane",
        "flake-parts": "flake-parts",
        "nixpkgs": "nixpkgs"
      }
    }
  },
  "root": "root",
  "version": 7
}
